
Microsoft Visual Studio Solution File, Format Version 12.00
# Visual Studio 14
VisualStudioVersion = 14.0.25420.1
MinimumVisualStudioVersion = 10.0.40219.1
Project("{FAE04EC0-301F-11D3-BF4B-00C04F79EFBC}") = "StructureLab", "StructureLab\StructureLab.csproj", "{7E436296-3955-42CC-A520-052A4FC06336}"
EndProject
Project("{FAE04EC0-301F-11D3-BF4B-00C04F79EFBC}") = "QueueStackLab", "QueueStackLab\QueueStackLab.csproj", "{AD5C2BBD-3E44-4121-AFA5-857B0A35C53A}"
EndProject
Project("{FAE04EC0-301F-11D3-BF4B-00C04F79EFBC}") = "FindSortLab", "FindSortLab\FindSortLab.csproj", "{B202A771-4E1C-4AFF-84FF-13B4A68741CF}"
EndProject
Global
	GlobalSection(SolutionConfigurationPlatforms) = preSolution
		Debug|Any CPU = Debug|Any CPU
		Release|Any CPU = Release|Any CPU
	EndGlobalSection
	GlobalSection(ProjectConfigurationPlatforms) = postSolution
		{7E436296-3955-42CC-A520-052A4FC06336}.Debug|Any CPU.ActiveCfg = Debug|Any CPU
		{7E436296-3955-42CC-A520-052A4FC06336}.Debug|Any CPU.Build.0 = Debug|Any CPU
		{7E436296-3955-42CC-A520-052A4FC06336}.Release|Any CPU.ActiveCfg = Release|Any CPU
		{7E436296-3955-42CC-A520-052A4FC06336}.Release|Any CPU.Build.0 = Release|Any CPU
		{AD5C2BBD-3E44-4121-AFA5-857B0A35C53A}.Debug|Any CPU.ActiveCfg = Debug|Any CPU
		{AD5C2BBD-3E44-4121-AFA5-857B0A35C53A}.Debug|Any CPU.Build.0 = Debug|Any CPU
		{AD5C2BBD-3E44-4121-AFA5-857B0A35C53A}.Release|Any CPU.ActiveCfg = Release|Any CPU
		{AD5C2BBD-3E44-4121-AFA5-857B0A35C53A}.Release|Any CPU.Build.0 = Release|Any CPU
		{B202A771-4E1C-4AFF-84FF-13B4A68741CF}.Debug|Any CPU.ActiveCfg = Debug|Any CPU
		{B202A771-4E1C-4AFF-84FF-13B4A68741CF}.Debug|Any CPU.Build.0 = Debug|Any CPU
		{B202A771-4E1C-4AFF-84FF-13B4A68741CF}.Release|Any CPU.ActiveCfg = Release|Any CPU
		{B202A771-4E1C-4AFF-84FF-13B4A68741CF}.Release|Any CPU.Build.0 = Release|Any CPU
	EndGlobalSection
	GlobalSection(SolutionProperties) = preSolution
		HideSolutionNode = FALSE
	EndGlobalSection
EndGlobal
